# This file was autogenerated by Stack.
# You should not edit this file by hand.
# For more information, please see the documentation at:
#   https://docs.haskellstack.org/en/stable/lock_files

packages:
- completed:
    hackage: monadIO-0.10.1.4@sha256:2dc105440a2d21e0b46cb7d9811b22367cbf66fab39c0149ecc24d982166e48c,922
    pantry-tree:
      size: 443
      sha256: 64b40a4cd0033d4dcae1a49b7f79d57ab83dc923636fd3c2904df28de7df0b93
  original:
    hackage: monadIO-0.10.1.4
- completed:
    hackage: rolling-queue-0.1@sha256:9283b4267a60f98652ec69d24dda6028e164c37c84e4ee8519379a02dc3876aa,1676
    pantry-tree:
      size: 346
      sha256: cc20fe716b5edb1ec8758d021a52e5bcb940d36a313b62c6ab51ab8d40e20b20
  original:
    hackage: rolling-queue-0.1
snapshots:
- completed:
    size: 585817
    url: https://raw.githubusercontent.com/commercialhaskell/stackage-snapshots/master/lts/18/4.yaml
    sha256: ea3a318eafa9e9cc56bfbe46099fd0d54d32641ab7bbe1d182ed8f5de39f804c
  original: lts-18.4
